
Microsoft Visual Studio Solution File, Format Version 12.00
# Visual Studio 2012
Project("{FAE04EC0-301F-11D3-BF4B-00C04F79EFBC}") = "TweetStreamer", "TweetStreamer\TweetStreamer.csproj", "{9FE53311-5C63-4C36-B9D4-BDA13632655B}"
EndProject
Project("{FAE04EC0-301F-11D3-BF4B-00C04F79EFBC}") = "SimpleTweetForm", "SimpleTweetForm\SimpleTweetForm.csproj", "{60CD5D44-BDEE-435E-8951-135BCA28B0D4}"
EndProject
Project("{FAE04EC0-301F-11D3-BF4B-00C04F79EFBC}") = "TweetsToSqlite", "TweetsToSqlite\TweetsToSqlite.csproj", "{EC2DE7C6-AD50-42C5-A09F-553F77A69DBC}"
EndProject
Global
	GlobalSection(SolutionConfigurationPlatforms) = preSolution
		Debug|Any CPU = Debug|Any CPU
		Release|Any CPU = Release|Any CPU
	EndGlobalSection
	GlobalSection(ProjectConfigurationPlatforms) = postSolution
		{60CD5D44-BDEE-435E-8951-135BCA28B0D4}.Debug|Any CPU.ActiveCfg = Debug|Any CPU
		{60CD5D44-BDEE-435E-8951-135BCA28B0D4}.Debug|Any CPU.Build.0 = Debug|Any CPU
		{60CD5D44-BDEE-435E-8951-135BCA28B0D4}.Release|Any CPU.ActiveCfg = Release|Any CPU
		{60CD5D44-BDEE-435E-8951-135BCA28B0D4}.Release|Any CPU.Build.0 = Release|Any CPU
		{9FE53311-5C63-4C36-B9D4-BDA13632655B}.Debug|Any CPU.ActiveCfg = Debug|Any CPU
		{9FE53311-5C63-4C36-B9D4-BDA13632655B}.Debug|Any CPU.Build.0 = Debug|Any CPU
		{9FE53311-5C63-4C36-B9D4-BDA13632655B}.Release|Any CPU.ActiveCfg = Release|Any CPU
		{9FE53311-5C63-4C36-B9D4-BDA13632655B}.Release|Any CPU.Build.0 = Release|Any CPU
		{EC2DE7C6-AD50-42C5-A09F-553F77A69DBC}.Debug|Any CPU.ActiveCfg = Debug|Any CPU
		{EC2DE7C6-AD50-42C5-A09F-553F77A69DBC}.Debug|Any CPU.Build.0 = Debug|Any CPU
		{EC2DE7C6-AD50-42C5-A09F-553F77A69DBC}.Release|Any CPU.ActiveCfg = Release|Any CPU
		{EC2DE7C6-AD50-42C5-A09F-553F77A69DBC}.Release|Any CPU.Build.0 = Release|Any CPU
	EndGlobalSection
	GlobalSection(SolutionProperties) = preSolution
		HideSolutionNode = FALSE
	EndGlobalSection
EndGlobal
